// !$*UTF8*$!
{
	archiveVersion = 1;
	classes = {
	};
	objectVersion = 46;
	objects = {

/* Begin PBXBuildFile section */
		3E1353E014DE3E3F002601F0 /* FileObject.m in Sources */ = {isa = PBXBuildFile; fileRef = 3E1353DF14DE3E3F002601F0 /* FileObject.m */; };
		3E1353E614DE3F74002601F0 /* FileCell.m in Sources */ = {isa = PBXBuildFile; fileRef = 3E1353E514DE3F74002601F0 /* FileCell.m */; };
		3E1353E914DE4FCB002601F0 /* CoreLocation.framework in Frameworks */ = {isa = PBXBuildFile; fileRef = 3E1353E714DE4FC5002601F0 /* CoreLocation.framework */; };
		3E4D0BD514DE53C100673CE4 /* SROutgoingDataManager.h in Sources */ = {isa = PBXBuildFile; fileRef = 7932E78014DE2DED00E1A017 /* SROutgoingDataManager.h */; };
		3E4D0BD614DE53C100673CE4 /* SROutgoingDataManager.m in Sources */ = {isa = PBXBuildFile; fileRef = 7932E78114DE2DED00E1A017 /* SROutgoingDataManager.m */; };
		3EC3F0D014DE21B200BAFD1A /* Parse.framework in Frameworks */ = {isa = PBXBuildFile; fileRef = 3EC3F0CF14DE21B200BAFD1A /* Parse.framework */; };
		3EC3F0DA14DE221500BAFD1A /* QuartzCore.framework in Frameworks */ = {isa = PBXBuildFile; fileRef = 3EC3F0D814DE220800BAFD1A /* QuartzCore.framework */; };
		3EC3F0DB14DE221500BAFD1A /* libz.1.1.3.dylib in Frameworks */ = {isa = PBXBuildFile; fileRef = 3EC3F0D614DE21F900BAFD1A /* libz.1.1.3.dylib */; };
		3EC3F0DC14DE221500BAFD1A /* MobileCoreServices.framework in Frameworks */ = {isa = PBXBuildFile; fileRef = 3EC3F0D414DE21E700BAFD1A /* MobileCoreServices.framework */; };
		3EC3F0DD14DE221500BAFD1A /* AudioToolbox.framework in Frameworks */ = {isa = PBXBuildFile; fileRef = 3EC3F0D214DE21D100BAFD1A /* AudioToolbox.framework */; };
		7932E6AC14DE1CD000E1A017 /* UIKit.framework in Frameworks */ = {isa = PBXBuildFile; fileRef = 7932E6AB14DE1CD000E1A017 /* UIKit.framework */; };
		7932E6AE14DE1CD000E1A017 /* Foundation.framework in Frameworks */ = {isa = PBXBuildFile; fileRef = 7932E6AD14DE1CD000E1A017 /* Foundation.framework */; };
		7932E6B014DE1CD000E1A017 /* CoreGraphics.framework in Frameworks */ = {isa = PBXBuildFile; fileRef = 7932E6AF14DE1CD000E1A017 /* CoreGraphics.framework */; };
		7932E6B214DE1CD000E1A017 /* CoreData.framework in Frameworks */ = {isa = PBXBuildFile; fileRef = 7932E6B114DE1CD000E1A017 /* CoreData.framework */; };
		7932E6B814DE1CD000E1A017 /* InfoPlist.strings in Resources */ = {isa = PBXBuildFile; fileRef = 7932E6B614DE1CD000E1A017 /* InfoPlist.strings */; };
		7932E6BA14DE1CD000E1A017 /* main.m in Sources */ = {isa = PBXBuildFile; fileRef = 7932E6B914DE1CD000E1A017 /* main.m */; };
		7932E6BE14DE1CD000E1A017 /* SRAppDelegate.m in Sources */ = {isa = PBXBuildFile; fileRef = 7932E6BD14DE1CD000E1A017 /* SRAppDelegate.m */; };
		7932E6C114DE1CD000E1A017 /* swypToRoom.xcdatamodeld in Sources */ = {isa = PBXBuildFile; fileRef = 7932E6BF14DE1CD000E1A017 /* swypToRoom.xcdatamodeld */; };
		7932E6C914DE1D1800E1A017 /* SRCloudVC.m in Sources */ = {isa = PBXBuildFile; fileRef = 7932E6C814DE1D1800E1A017 /* SRCloudVC.m */; };
		7932E6CB14DE1D8000E1A017 /* MapKit.framework in Frameworks */ = {isa = PBXBuildFile; fileRef = 7932E6CA14DE1D8000E1A017 /* MapKit.framework */; };
		7932E70614DE1F1A00E1A017 /* NICommonMetrics.m in Sources */ = {isa = PBXBuildFile; fileRef = 7932E6DA14DE1F1A00E1A017 /* NICommonMetrics.m */; };
		7932E70714DE1F1A00E1A017 /* NIDataStructures.m in Sources */ = {isa = PBXBuildFile; fileRef = 7932E6DC14DE1F1A00E1A017 /* NIDataStructures.m */; };
		7932E70814DE1F1A00E1A017 /* NIDebuggingTools.m in Sources */ = {isa = PBXBuildFile; fileRef = 7932E6DE14DE1F1A00E1A017 /* NIDebuggingTools.m */; };
		7932E70914DE1F1A00E1A017 /* NIDeviceOrientation.m in Sources */ = {isa = PBXBuildFile; fileRef = 7932E6E014DE1F1A00E1A017 /* NIDeviceOrientation.m */; };
		7932E70A14DE1F1A00E1A017 /* NIError.m in Sources */ = {isa = PBXBuildFile; fileRef = 7932E6E214DE1F1A00E1A017 /* NIError.m */; };
		7932E70B14DE1F1A00E1A017 /* NIFoundationMethods.m in Sources */ = {isa = PBXBuildFile; fileRef = 7932E6E414DE1F1A00E1A017 /* NIFoundationMethods.m */; };
		7932E70C14DE1F1A00E1A017 /* NIInMemoryCache.m in Sources */ = {isa = PBXBuildFile; fileRef = 7932E6E614DE1F1A00E1A017 /* NIInMemoryCache.m */; };
		7932E70D14DE1F1A00E1A017 /* NINavigationAppearance.m in Sources */ = {isa = PBXBuildFile; fileRef = 7932E6EB14DE1F1A00E1A017 /* NINavigationAppearance.m */; };
		7932E70E14DE1F1A00E1A017 /* NINetworkActivity.m in Sources */ = {isa = PBXBuildFile; fileRef = 7932E6ED14DE1F1A00E1A017 /* NINetworkActivity.m */; };
		7932E70F14DE1F1A00E1A017 /* NINonEmptyCollectionTesting.m in Sources */ = {isa = PBXBuildFile; fileRef = 7932E6EF14DE1F1A00E1A017 /* NINonEmptyCollectionTesting.m */; };
		7932E71014DE1F1A00E1A017 /* NINonRetainingCollections.m in Sources */ = {isa = PBXBuildFile; fileRef = 7932E6F114DE1F1A00E1A017 /* NINonRetainingCollections.m */; };
		7932E71114DE1F1A00E1A017 /* NIOperations.m in Sources */ = {isa = PBXBuildFile; fileRef = 7932E6F414DE1F1A00E1A017 /* NIOperations.m */; };
		7932E71214DE1F1A00E1A017 /* NIPaths.m in Sources */ = {isa = PBXBuildFile; fileRef = 7932E6F614DE1F1A00E1A017 /* NIPaths.m */; };
		7932E71314DE1F1A00E1A017 /* NIRuntimeClassModifications.m in Sources */ = {isa = PBXBuildFile; fileRef = 7932E6F914DE1F1A00E1A017 /* NIRuntimeClassModifications.m */; };
		7932E71414DE1F1A00E1A017 /* NISDKAvailability.m in Sources */ = {isa = PBXBuildFile; fileRef = 7932E6FB14DE1F1A00E1A017 /* NISDKAvailability.m */; };
		7932E71514DE1F1A00E1A017 /* NIState.m in Sources */ = {isa = PBXBuildFile; fileRef = 7932E6FD14DE1F1A00E1A017 /* NIState.m */; };
		7932E71614DE1F1A00E1A017 /* NIViewRecycler.m in Sources */ = {isa = PBXBuildFile; fileRef = 7932E6FF14DE1F1A00E1A017 /* NIViewRecycler.m */; };
		7932E71714DE1F1A00E1A017 /* NSData+NimbusCore.m in Sources */ = {isa = PBXBuildFile; fileRef = 7932E70114DE1F1A00E1A017 /* NSData+NimbusCore.m */; };
		7932E71814DE1F1A00E1A017 /* NSString+NimbusCore.m in Sources */ = {isa = PBXBuildFile; fileRef = 7932E70314DE1F1A00E1A017 /* NSString+NimbusCore.m */; };
		7932E71914DE1F1A00E1A017 /* UIView+NimbusCore.m in Sources */ = {isa = PBXBuildFile; fileRef = 7932E70514DE1F1A00E1A017 /* UIView+NimbusCore.m */; };
		7932E72214DE1F2B00E1A017 /* NINetworkImageRequest.m in Sources */ = {isa = PBXBuildFile; fileRef = 7932E71F14DE1F2B00E1A017 /* NINetworkImageRequest.m */; };
		7932E72314DE1F2B00E1A017 /* NINetworkImageView.m in Sources */ = {isa = PBXBuildFile; fileRef = 7932E72114DE1F2B00E1A017 /* NINetworkImageView.m */; };
		7932E72E14DE1F4B00E1A017 /* NICellFactory.m in Sources */ = {isa = PBXBuildFile; fileRef = 7932E72614DE1F4B00E1A017 /* NICellFactory.m */; };
		7932E72F14DE1F4B00E1A017 /* NIFormCellCatalog.m in Sources */ = {isa = PBXBuildFile; fileRef = 7932E72814DE1F4B00E1A017 /* NIFormCellCatalog.m */; };
		7932E73014DE1F4B00E1A017 /* NITableViewModel.m in Sources */ = {isa = PBXBuildFile; fileRef = 7932E72D14DE1F4B00E1A017 /* NITableViewModel.m */; };
		7932E73514DE200400E1A017 /* GameKit.framework in Frameworks */ = {isa = PBXBuildFile; fileRef = 7932E73114DE200400E1A017 /* GameKit.framework */; };
		7932E73614DE200400E1A017 /* SystemConfiguration.framework in Frameworks */ = {isa = PBXBuildFile; fileRef = 7932E73214DE200400E1A017 /* SystemConfiguration.framework */; };
		7932E73714DE200400E1A017 /* CFNetwork.framework in Frameworks */ = {isa = PBXBuildFile; fileRef = 7932E73314DE200400E1A017 /* CFNetwork.framework */; };
		7932E73814DE200400E1A017 /* Security.framework in Frameworks */ = {isa = PBXBuildFile; fileRef = 7932E73414DE200400E1A017 /* Security.framework */; };
		7932E74C14DE22AF00E1A017 /* bluetooth-logo-enabled.png in Resources */ = {isa = PBXBuildFile; fileRef = 7932E73D14DE22AF00E1A017 /* bluetooth-logo-enabled.png */; };
		7932E74D14DE22AF00E1A017 /* bluetooth-logo-enabled@2x.png in Resources */ = {isa = PBXBuildFile; fileRef = 7932E73E14DE22AF00E1A017 /* bluetooth-logo-enabled@2x.png */; };
		7932E74E14DE22AF00E1A017 /* connectivity-bluetooth-disabled.png in Resources */ = {isa = PBXBuildFile; fileRef = 7932E73F14DE22AF00E1A017 /* connectivity-bluetooth-disabled.png */; };
		7932E74F14DE22AF00E1A017 /* connectivity-bluetooth-disabled@2x.png in Resources */ = {isa = PBXBuildFile; fileRef = 7932E74014DE22AF00E1A017 /* connectivity-bluetooth-disabled@2x.png */; };
		7932E75014DE22AF00E1A017 /* connectivity-bluetooth-enabled.png in Resources */ = {isa = PBXBuildFile; fileRef = 7932E74114DE22AF00E1A017 /* connectivity-bluetooth-enabled.png */; };
		7932E75114DE22AF00E1A017 /* connectivity-bluetooth-enabled@2x.png in Resources */ = {isa = PBXBuildFile; fileRef = 7932E74214DE22AF00E1A017 /* connectivity-bluetooth-enabled@2x.png */; };
		7932E75214DE22AF00E1A017 /* connectivity-world-disabled.png in Resources */ = {isa = PBXBuildFile; fileRef = 7932E74314DE22AF00E1A017 /* connectivity-world-disabled.png */; };
		7932E75314DE22AF00E1A017 /* connectivity-world-disabled@2x.png in Resources */ = {isa = PBXBuildFile; fileRef = 7932E74414DE22AF00E1A017 /* connectivity-world-disabled@2x.png */; };
		7932E75414DE22AF00E1A017 /* connectivity-world-enabled.png in Resources */ = {isa = PBXBuildFile; fileRef = 7932E74514DE22AF00E1A017 /* connectivity-world-enabled.png */; };
		7932E75514DE22AF00E1A017 /* connectivity-world-enabled@2x.png in Resources */ = {isa = PBXBuildFile; fileRef = 7932E74614DE22AF00E1A017 /* connectivity-world-enabled@2x.png */; };
		7932E75614DE22AF00E1A017 /* swypPromptHud.png in Resources */ = {isa = PBXBuildFile; fileRef = 7932E74714DE22AF00E1A017 /* swypPromptHud.png */; };
		7932E75714DE22AF00E1A017 /* swypPromptHud@2x.png in Resources */ = {isa = PBXBuildFile; fileRef = 7932E74814DE22AF00E1A017 /* swypPromptHud@2x.png */; };
		7932E75814DE22AF00E1A017 /* swypWorkspaceBackground.png in Resources */ = {isa = PBXBuildFile; fileRef = 7932E74914DE22AF00E1A017 /* swypWorkspaceBackground.png */; };
		7932E75914DE22AF00E1A017 /* top_curl.png in Resources */ = {isa = PBXBuildFile; fileRef = 7932E74A14DE22AF00E1A017 /* top_curl.png */; };
		7932E75A14DE22AF00E1A017 /* top_curl@2x.png in Resources */ = {isa = PBXBuildFile; fileRef = 7932E74B14DE22AF00E1A017 /* top_curl@2x.png */; };
		7932E75D14DE240200E1A017 /* swypPhotosHud.png in Resources */ = {isa = PBXBuildFile; fileRef = 7932E75B14DE240200E1A017 /* swypPhotosHud.png */; };
		7932E75E14DE240200E1A017 /* swypPhotosHud@2x.png in Resources */ = {isa = PBXBuildFile; fileRef = 7932E75C14DE240200E1A017 /* swypPhotosHud@2x.png */; };
		7932E77D14DE268000E1A017 /* liblibSwyp.a in Frameworks */ = {isa = PBXBuildFile; fileRef = 7932E6D514DE1EF800E1A017 /* liblibSwyp.a */; };
/* End PBXBuildFile section */

/* Begin PBXContainerItemProxy section */
		7932E6D414DE1EF800E1A017 /* PBXContainerItemProxy */ = {
			isa = PBXContainerItemProxy;
			containerPortal = 7932E6CD14DE1EF800E1A017 /* libSwyp.xcodeproj */;
			proxyType = 2;
			remoteGlobalIDString = D2AAC07E0554694100DB518D;
			remoteInfo = libSwyp;
		};
		7932E73914DE200C00E1A017 /* PBXContainerItemProxy */ = {
			isa = PBXContainerItemProxy;
			containerPortal = 7932E6CD14DE1EF800E1A017 /* libSwyp.xcodeproj */;
			proxyType = 1;
			remoteGlobalIDString = D2AAC07D0554694100DB518D;
			remoteInfo = libSwyp;
		};
/* End PBXContainerItemProxy section */

/* Begin PBXFileReference section */
		3E1353DE14DE3E3F002601F0 /* FileObject.h */ = {isa = PBXFileReference; fileEncoding = 4; lastKnownFileType = sourcecode.c.h; path = FileObject.h; sourceTree = "<group>"; };
		3E1353DF14DE3E3F002601F0 /* FileObject.m */ = {isa = PBXFileReference; fileEncoding = 4; lastKnownFileType = sourcecode.c.objc; path = FileObject.m; sourceTree = "<group>"; };
		3E1353E414DE3F74002601F0 /* FileCell.h */ = {isa = PBXFileReference; fileEncoding = 4; lastKnownFileType = sourcecode.c.h; path = FileCell.h; sourceTree = "<group>"; };
		3E1353E514DE3F74002601F0 /* FileCell.m */ = {isa = PBXFileReference; fileEncoding = 4; lastKnownFileType = sourcecode.c.objc; path = FileCell.m; sourceTree = "<group>"; };
		3E1353E714DE4FC5002601F0 /* CoreLocation.framework */ = {isa = PBXFileReference; lastKnownFileType = wrapper.framework; name = CoreLocation.framework; path = System/Library/Frameworks/CoreLocation.framework; sourceTree = SDKROOT; };
		3EC3F0CF14DE21B200BAFD1A /* Parse.framework */ = {isa = PBXFileReference; lastKnownFileType = wrapper.framework; path = Parse.framework; sourceTree = "<group>"; };
		3EC3F0D214DE21D100BAFD1A /* AudioToolbox.framework */ = {isa = PBXFileReference; lastKnownFileType = wrapper.framework; name = AudioToolbox.framework; path = System/Library/Frameworks/AudioToolbox.framework; sourceTree = SDKROOT; };
		3EC3F0D414DE21E700BAFD1A /* MobileCoreServices.framework */ = {isa = PBXFileReference; lastKnownFileType = wrapper.framework; name = MobileCoreServices.framework; path = System/Library/Frameworks/MobileCoreServices.framework; sourceTree = SDKROOT; };
		3EC3F0D614DE21F900BAFD1A /* libz.1.1.3.dylib */ = {isa = PBXFileReference; lastKnownFileType = "compiled.mach-o.dylib"; name = libz.1.1.3.dylib; path = usr/lib/libz.1.1.3.dylib; sourceTree = SDKROOT; };
		3EC3F0D814DE220800BAFD1A /* QuartzCore.framework */ = {isa = PBXFileReference; lastKnownFileType = wrapper.framework; name = QuartzCore.framework; path = System/Library/Frameworks/QuartzCore.framework; sourceTree = SDKROOT; };
		7932E6A714DE1CD000E1A017 /* swypToRoom.app */ = {isa = PBXFileReference; explicitFileType = wrapper.application; includeInIndex = 0; path = swypToRoom.app; sourceTree = BUILT_PRODUCTS_DIR; };
		7932E6AB14DE1CD000E1A017 /* UIKit.framework */ = {isa = PBXFileReference; lastKnownFileType = wrapper.framework; name = UIKit.framework; path = System/Library/Frameworks/UIKit.framework; sourceTree = SDKROOT; };
		7932E6AD14DE1CD000E1A017 /* Foundation.framework */ = {isa = PBXFileReference; lastKnownFileType = wrapper.framework; name = Foundation.framework; path = System/Library/Frameworks/Foundation.framework; sourceTree = SDKROOT; };
		7932E6AF14DE1CD000E1A017 /* CoreGraphics.framework */ = {isa = PBXFileReference; lastKnownFileType = wrapper.framework; name = CoreGraphics.framework; path = System/Library/Frameworks/CoreGraphics.framework; sourceTree = SDKROOT; };
		7932E6B114DE1CD000E1A017 /* CoreData.framework */ = {isa = PBXFileReference; lastKnownFileType = wrapper.framework; name = CoreData.framework; path = System/Library/Frameworks/CoreData.framework; sourceTree = SDKROOT; };
		7932E6B514DE1CD000E1A017 /* swypToRoom-Info.plist */ = {isa = PBXFileReference; lastKnownFileType = text.plist.xml; path = "swypToRoom-Info.plist"; sourceTree = "<group>"; };
		7932E6B714DE1CD000E1A017 /* en */ = {isa = PBXFileReference; lastKnownFileType = text.plist.strings; name = en; path = en.lproj/InfoPlist.strings; sourceTree = "<group>"; };
		7932E6B914DE1CD000E1A017 /* main.m */ = {isa = PBXFileReference; lastKnownFileType = sourcecode.c.objc; path = main.m; sourceTree = "<group>"; };
		7932E6BB14DE1CD000E1A017 /* swypToRoom-Prefix.pch */ = {isa = PBXFileReference; lastKnownFileType = sourcecode.c.h; path = "swypToRoom-Prefix.pch"; sourceTree = "<group>"; };
		7932E6BC14DE1CD000E1A017 /* SRAppDelegate.h */ = {isa = PBXFileReference; lastKnownFileType = sourcecode.c.h; path = SRAppDelegate.h; sourceTree = "<group>"; };
		7932E6BD14DE1CD000E1A017 /* SRAppDelegate.m */ = {isa = PBXFileReference; lastKnownFileType = sourcecode.c.objc; path = SRAppDelegate.m; sourceTree = "<group>"; };
		7932E6C014DE1CD000E1A017 /* swypToRoom.xcdatamodel */ = {isa = PBXFileReference; lastKnownFileType = wrapper.xcdatamodel; path = swypToRoom.xcdatamodel; sourceTree = "<group>"; };
		7932E6C714DE1D1800E1A017 /* SRCloudVC.h */ = {isa = PBXFileReference; fileEncoding = 4; lastKnownFileType = sourcecode.c.h; path = SRCloudVC.h; sourceTree = "<group>"; };
		7932E6C814DE1D1800E1A017 /* SRCloudVC.m */ = {isa = PBXFileReference; fileEncoding = 4; lastKnownFileType = sourcecode.c.objc; path = SRCloudVC.m; sourceTree = "<group>"; };
		7932E6CA14DE1D8000E1A017 /* MapKit.framework */ = {isa = PBXFileReference; lastKnownFileType = wrapper.framework; name = MapKit.framework; path = System/Library/Frameworks/MapKit.framework; sourceTree = SDKROOT; };
		7932E6CD14DE1EF800E1A017 /* libSwyp.xcodeproj */ = {isa = PBXFileReference; lastKnownFileType = "wrapper.pb-project"; name = libSwyp.xcodeproj; path = swyp/libSwyp/libSwyp.xcodeproj; sourceTree = SOURCE_ROOT; };
		7932E6D814DE1F1A00E1A017 /* NIBlocks.h */ = {isa = PBXFileReference; fileEncoding = 4; lastKnownFileType = sourcecode.c.h; path = NIBlocks.h; sourceTree = "<group>"; };
		7932E6D914DE1F1A00E1A017 /* NICommonMetrics.h */ = {isa = PBXFileReference; fileEncoding = 4; lastKnownFileType = sourcecode.c.h; path = NICommonMetrics.h; sourceTree = "<group>"; };
		7932E6DA14DE1F1A00E1A017 /* NICommonMetrics.m */ = {isa = PBXFileReference; fileEncoding = 4; lastKnownFileType = sourcecode.c.objc; path = NICommonMetrics.m; sourceTree = "<group>"; };
		7932E6DB14DE1F1A00E1A017 /* NIDataStructures.h */ = {isa = PBXFileReference; fileEncoding = 4; lastKnownFileType = sourcecode.c.h; path = NIDataStructures.h; sourceTree = "<group>"; };
		7932E6DC14DE1F1A00E1A017 /* NIDataStructures.m */ = {isa = PBXFileReference; fileEncoding = 4; lastKnownFileType = sourcecode.c.objc; path = NIDataStructures.m; sourceTree = "<group>"; };
		7932E6DD14DE1F1A00E1A017 /* NIDebuggingTools.h */ = {isa = PBXFileReference; fileEncoding = 4; lastKnownFileType = sourcecode.c.h; path = NIDebuggingTools.h; sourceTree = "<group>"; };
		7932E6DE14DE1F1A00E1A017 /* NIDebuggingTools.m */ = {isa = PBXFileReference; fileEncoding = 4; lastKnownFileType = sourcecode.c.objc; path = NIDebuggingTools.m; sourceTree = "<group>"; };
		7932E6DF14DE1F1A00E1A017 /* NIDeviceOrientation.h */ = {isa = PBXFileReference; fileEncoding = 4; lastKnownFileType = sourcecode.c.h; path = NIDeviceOrientation.h; sourceTree = "<group>"; };
		7932E6E014DE1F1A00E1A017 /* NIDeviceOrientation.m */ = {isa = PBXFileReference; fileEncoding = 4; lastKnownFileType = sourcecode.c.objc; path = NIDeviceOrientation.m; sourceTree = "<group>"; };
		7932E6E114DE1F1A00E1A017 /* NIError.h */ = {isa = PBXFileReference; fileEncoding = 4; lastKnownFileType = sourcecode.c.h; path = NIError.h; sourceTree = "<group>"; };
		7932E6E214DE1F1A00E1A017 /* NIError.m */ = {isa = PBXFileReference; fileEncoding = 4; lastKnownFileType = sourcecode.c.objc; path = NIError.m; sourceTree = "<group>"; };
		7932E6E314DE1F1A00E1A017 /* NIFoundationMethods.h */ = {isa = PBXFileReference; fileEncoding = 4; lastKnownFileType = sourcecode.c.h; path = NIFoundationMethods.h; sourceTree = "<group>"; };
		7932E6E414DE1F1A00E1A017 /* NIFoundationMethods.m */ = {isa = PBXFileReference; fileEncoding = 4; lastKnownFileType = sourcecode.c.objc; path = NIFoundationMethods.m; sourceTree = "<group>"; };
		7932E6E514DE1F1A00E1A017 /* NIInMemoryCache.h */ = {isa = PBXFileReference; fileEncoding = 4; lastKnownFileType = sourcecode.c.h; path = NIInMemoryCache.h; sourceTree = "<group>"; };
		7932E6E614DE1F1A00E1A017 /* NIInMemoryCache.m */ = {isa = PBXFileReference; fileEncoding = 4; lastKnownFileType = sourcecode.c.objc; path = NIInMemoryCache.m; sourceTree = "<group>"; };
		7932E6E714DE1F1A00E1A017 /* NimbusCore+Additions.h */ = {isa = PBXFileReference; fileEncoding = 4; lastKnownFileType = sourcecode.c.h; path = "NimbusCore+Additions.h"; sourceTree = "<group>"; };
		7932E6E814DE1F1A00E1A017 /* NimbusCore+Namespace.h */ = {isa = PBXFileReference; fileEncoding = 4; lastKnownFileType = sourcecode.c.h; path = "NimbusCore+Namespace.h"; sourceTree = "<group>"; };
		7932E6E914DE1F1A00E1A017 /* NimbusCore.h */ = {isa = PBXFileReference; fileEncoding = 4; lastKnownFileType = sourcecode.c.h; path = NimbusCore.h; sourceTree = "<group>"; };
		7932E6EA14DE1F1A00E1A017 /* NINavigationAppearance.h */ = {isa = PBXFileReference; fileEncoding = 4; lastKnownFileType = sourcecode.c.h; path = NINavigationAppearance.h; sourceTree = "<group>"; };
		7932E6EB14DE1F1A00E1A017 /* NINavigationAppearance.m */ = {isa = PBXFileReference; fileEncoding = 4; lastKnownFileType = sourcecode.c.objc; path = NINavigationAppearance.m; sourceTree = "<group>"; };
		7932E6EC14DE1F1A00E1A017 /* NINetworkActivity.h */ = {isa = PBXFileReference; fileEncoding = 4; lastKnownFileType = sourcecode.c.h; path = NINetworkActivity.h; sourceTree = "<group>"; };
		7932E6ED14DE1F1A00E1A017 /* NINetworkActivity.m */ = {isa = PBXFileReference; fileEncoding = 4; lastKnownFileType = sourcecode.c.objc; path = NINetworkActivity.m; sourceTree = "<group>"; };
		7932E6EE14DE1F1A00E1A017 /* NINonEmptyCollectionTesting.h */ = {isa = PBXFileReference; fileEncoding = 4; lastKnownFileType = sourcecode.c.h; path = NINonEmptyCollectionTesting.h; sourceTree = "<group>"; };
		7932E6EF14DE1F1A00E1A017 /* NINonEmptyCollectionTesting.m */ = {isa = PBXFileReference; fileEncoding = 4; lastKnownFileType = sourcecode.c.objc; path = NINonEmptyCollectionTesting.m; sourceTree = "<group>"; };
		7932E6F014DE1F1A00E1A017 /* NINonRetainingCollections.h */ = {isa = PBXFileReference; fileEncoding = 4; lastKnownFileType = sourcecode.c.h; path = NINonRetainingCollections.h; sourceTree = "<group>"; };
		7932E6F114DE1F1A00E1A017 /* NINonRetainingCollections.m */ = {isa = PBXFileReference; fileEncoding = 4; lastKnownFileType = sourcecode.c.objc; path = NINonRetainingCollections.m; sourceTree = "<group>"; };
		7932E6F214DE1F1A00E1A017 /* NIOperations+Subclassing.h */ = {isa = PBXFileReference; fileEncoding = 4; lastKnownFileType = sourcecode.c.h; path = "NIOperations+Subclassing.h"; sourceTree = "<group>"; };
		7932E6F314DE1F1A00E1A017 /* NIOperations.h */ = {isa = PBXFileReference; fileEncoding = 4; lastKnownFileType = sourcecode.c.h; path = NIOperations.h; sourceTree = "<group>"; };
		7932E6F414DE1F1A00E1A017 /* NIOperations.m */ = {isa = PBXFileReference; fileEncoding = 4; lastKnownFileType = sourcecode.c.objc; path = NIOperations.m; sourceTree = "<group>"; };
		7932E6F514DE1F1A00E1A017 /* NIPaths.h */ = {isa = PBXFileReference; fileEncoding = 4; lastKnownFileType = sourcecode.c.h; path = NIPaths.h; sourceTree = "<group>"; };
		7932E6F614DE1F1A00E1A017 /* NIPaths.m */ = {isa = PBXFileReference; fileEncoding = 4; lastKnownFileType = sourcecode.c.objc; path = NIPaths.m; sourceTree = "<group>"; };
		7932E6F714DE1F1A00E1A017 /* NIPreprocessorMacros.h */ = {isa = PBXFileReference; fileEncoding = 4; lastKnownFileType = sourcecode.c.h; path = NIPreprocessorMacros.h; sourceTree = "<group>"; };
		7932E6F814DE1F1A00E1A017 /* NIRuntimeClassModifications.h */ = {isa = PBXFileReference; fileEncoding = 4; lastKnownFileType = sourcecode.c.h; path = NIRuntimeClassModifications.h; sourceTree = "<group>"; };
		7932E6F914DE1F1A00E1A017 /* NIRuntimeClassModifications.m */ = {isa = PBXFileReference; fileEncoding = 4; lastKnownFileType = sourcecode.c.objc; path = NIRuntimeClassModifications.m; sourceTree = "<group>"; };
		7932E6FA14DE1F1A00E1A017 /* NISDKAvailability.h */ = {isa = PBXFileReference; fileEncoding = 4; lastKnownFileType = sourcecode.c.h; path = NISDKAvailability.h; sourceTree = "<group>"; };
		7932E6FB14DE1F1A00E1A017 /* NISDKAvailability.m */ = {isa = PBXFileReference; fileEncoding = 4; lastKnownFileType = sourcecode.c.objc; path = NISDKAvailability.m; sourceTree = "<group>"; };
		7932E6FC14DE1F1A00E1A017 /* NIState.h */ = {isa = PBXFileReference; fileEncoding = 4; lastKnownFileType = sourcecode.c.h; path = NIState.h; sourceTree = "<group>"; };
		7932E6FD14DE1F1A00E1A017 /* NIState.m */ = {isa = PBXFileReference; fileEncoding = 4; lastKnownFileType = sourcecode.c.objc; path = NIState.m; sourceTree = "<group>"; };
		7932E6FE14DE1F1A00E1A017 /* NIViewRecycler.h */ = {isa = PBXFileReference; fileEncoding = 4; lastKnownFileType = sourcecode.c.h; path = NIViewRecycler.h; sourceTree = "<group>"; };
		7932E6FF14DE1F1A00E1A017 /* NIViewRecycler.m */ = {isa = PBXFileReference; fileEncoding = 4; lastKnownFileType = sourcecode.c.objc; path = NIViewRecycler.m; sourceTree = "<group>"; };
		7932E70014DE1F1A00E1A017 /* NSData+NimbusCore.h */ = {isa = PBXFileReference; fileEncoding = 4; lastKnownFileType = sourcecode.c.h; path = "NSData+NimbusCore.h"; sourceTree = "<group>"; };
		7932E70114DE1F1A00E1A017 /* NSData+NimbusCore.m */ = {isa = PBXFileReference; fileEncoding = 4; lastKnownFileType = sourcecode.c.objc; path = "NSData+NimbusCore.m"; sourceTree = "<group>"; };
		7932E70214DE1F1A00E1A017 /* NSString+NimbusCore.h */ = {isa = PBXFileReference; fileEncoding = 4; lastKnownFileType = sourcecode.c.h; path = "NSString+NimbusCore.h"; sourceTree = "<group>"; };
		7932E70314DE1F1A00E1A017 /* NSString+NimbusCore.m */ = {isa = PBXFileReference; fileEncoding = 4; lastKnownFileType = sourcecode.c.objc; path = "NSString+NimbusCore.m"; sourceTree = "<group>"; };
		7932E70414DE1F1A00E1A017 /* UIView+NimbusCore.h */ = {isa = PBXFileReference; fileEncoding = 4; lastKnownFileType = sourcecode.c.h; path = "UIView+NimbusCore.h"; sourceTree = "<group>"; };
		7932E70514DE1F1A00E1A017 /* UIView+NimbusCore.m */ = {isa = PBXFileReference; fileEncoding = 4; lastKnownFileType = sourcecode.c.objc; path = "UIView+NimbusCore.m"; sourceTree = "<group>"; };
		7932E71C14DE1F2B00E1A017 /* NimbusNetworkImage+Namespace.h */ = {isa = PBXFileReference; fileEncoding = 4; lastKnownFileType = sourcecode.c.h; path = "NimbusNetworkImage+Namespace.h"; sourceTree = "<group>"; };
		7932E71D14DE1F2B00E1A017 /* NimbusNetworkImage.h */ = {isa = PBXFileReference; fileEncoding = 4; lastKnownFileType = sourcecode.c.h; path = NimbusNetworkImage.h; sourceTree = "<group>"; };
		7932E71E14DE1F2B00E1A017 /* NINetworkImageRequest.h */ = {isa = PBXFileReference; fileEncoding = 4; lastKnownFileType = sourcecode.c.h; path = NINetworkImageRequest.h; sourceTree = "<group>"; };
		7932E71F14DE1F2B00E1A017 /* NINetworkImageRequest.m */ = {isa = PBXFileReference; fileEncoding = 4; lastKnownFileType = sourcecode.c.objc; path = NINetworkImageRequest.m; sourceTree = "<group>"; };
		7932E72014DE1F2B00E1A017 /* NINetworkImageView.h */ = {isa = PBXFileReference; fileEncoding = 4; lastKnownFileType = sourcecode.c.h; path = NINetworkImageView.h; sourceTree = "<group>"; };
		7932E72114DE1F2B00E1A017 /* NINetworkImageView.m */ = {isa = PBXFileReference; fileEncoding = 4; lastKnownFileType = sourcecode.c.objc; path = NINetworkImageView.m; sourceTree = "<group>"; };
		7932E72514DE1F4B00E1A017 /* NICellFactory.h */ = {isa = PBXFileReference; fileEncoding = 4; lastKnownFileType = sourcecode.c.h; path = NICellFactory.h; sourceTree = "<group>"; };
		7932E72614DE1F4B00E1A017 /* NICellFactory.m */ = {isa = PBXFileReference; fileEncoding = 4; lastKnownFileType = sourcecode.c.objc; path = NICellFactory.m; sourceTree = "<group>"; };
		7932E72714DE1F4B00E1A017 /* NIFormCellCatalog.h */ = {isa = PBXFileReference; fileEncoding = 4; lastKnownFileType = sourcecode.c.h; path = NIFormCellCatalog.h; sourceTree = "<group>"; };
		7932E72814DE1F4B00E1A017 /* NIFormCellCatalog.m */ = {isa = PBXFileReference; fileEncoding = 4; lastKnownFileType = sourcecode.c.objc; path = NIFormCellCatalog.m; sourceTree = "<group>"; };
		7932E72914DE1F4B00E1A017 /* NimbusModels+Namespace.h */ = {isa = PBXFileReference; fileEncoding = 4; lastKnownFileType = sourcecode.c.h; path = "NimbusModels+Namespace.h"; sourceTree = "<group>"; };
		7932E72A14DE1F4B00E1A017 /* NimbusModels.h */ = {isa = PBXFileReference; fileEncoding = 4; lastKnownFileType = sourcecode.c.h; path = NimbusModels.h; sourceTree = "<group>"; };
		7932E72B14DE1F4B00E1A017 /* NITableViewModel+Private.h */ = {isa = PBXFileReference; fileEncoding = 4; lastKnownFileType = sourcecode.c.h; path = "NITableViewModel+Private.h"; sourceTree = "<group>"; };
		7932E72C14DE1F4B00E1A017 /* NITableViewModel.h */ = {isa = PBXFileReference; fileEncoding = 4; lastKnownFileType = sourcecode.c.h; path = NITableViewModel.h; sourceTree = "<group>"; };
		7932E72D14DE1F4B00E1A017 /* NITableViewModel.m */ = {isa = PBXFileReference; fileEncoding = 4; lastKnownFileType = sourcecode.c.objc; path = NITableViewModel.m; sourceTree = "<group>"; };
		7932E73114DE200400E1A017 /* GameKit.framework */ = {isa = PBXFileReference; lastKnownFileType = wrapper.framework; name = GameKit.framework; path = System/Library/Frameworks/GameKit.framework; sourceTree = SDKROOT; };
		7932E73214DE200400E1A017 /* SystemConfiguration.framework */ = {isa = PBXFileReference; lastKnownFileType = wrapper.framework; name = SystemConfiguration.framework; path = System/Library/Frameworks/SystemConfiguration.framework; sourceTree = SDKROOT; };
		7932E73314DE200400E1A017 /* CFNetwork.framework */ = {isa = PBXFileReference; lastKnownFileType = wrapper.framework; name = CFNetwork.framework; path = System/Library/Frameworks/CFNetwork.framework; sourceTree = SDKROOT; };
		7932E73414DE200400E1A017 /* Security.framework */ = {isa = PBXFileReference; lastKnownFileType = wrapper.framework; name = Security.framework; path = System/Library/Frameworks/Security.framework; sourceTree = SDKROOT; };
		7932E73D14DE22AF00E1A017 /* bluetooth-logo-enabled.png */ = {isa = PBXFileReference; lastKnownFileType = image.png; path = "bluetooth-logo-enabled.png"; sourceTree = "<group>"; };
		7932E73E14DE22AF00E1A017 /* bluetooth-logo-enabled@2x.png */ = {isa = PBXFileReference; lastKnownFileType = image.png; path = "bluetooth-logo-enabled@2x.png"; sourceTree = "<group>"; };
		7932E73F14DE22AF00E1A017 /* connectivity-bluetooth-disabled.png */ = {isa = PBXFileReference; lastKnownFileType = image.png; path = "connectivity-bluetooth-disabled.png"; sourceTree = "<group>"; };
		7932E74014DE22AF00E1A017 /* connectivity-bluetooth-disabled@2x.png */ = {isa = PBXFileReference; lastKnownFileType = image.png; path = "connectivity-bluetooth-disabled@2x.png"; sourceTree = "<group>"; };
		7932E74114DE22AF00E1A017 /* connectivity-bluetooth-enabled.png */ = {isa = PBXFileReference; lastKnownFileType = image.png; path = "connectivity-bluetooth-enabled.png"; sourceTree = "<group>"; };
		7932E74214DE22AF00E1A017 /* connectivity-bluetooth-enabled@2x.png */ = {isa = PBXFileReference; lastKnownFileType = image.png; path = "connectivity-bluetooth-enabled@2x.png"; sourceTree = "<group>"; };
		7932E74314DE22AF00E1A017 /* connectivity-world-disabled.png */ = {isa = PBXFileReference; lastKnownFileType = image.png; path = "connectivity-world-disabled.png"; sourceTree = "<group>"; };
		7932E74414DE22AF00E1A017 /* connectivity-world-disabled@2x.png */ = {isa = PBXFileReference; lastKnownFileType = image.png; path = "connectivity-world-disabled@2x.png"; sourceTree = "<group>"; };
		7932E74514DE22AF00E1A017 /* connectivity-world-enabled.png */ = {isa = PBXFileReference; lastKnownFileType = image.png; path = "connectivity-world-enabled.png"; sourceTree = "<group>"; };
		7932E74614DE22AF00E1A017 /* connectivity-world-enabled@2x.png */ = {isa = PBXFileReference; lastKnownFileType = image.png; path = "connectivity-world-enabled@2x.png"; sourceTree = "<group>"; };
		7932E74714DE22AF00E1A017 /* swypPromptHud.png */ = {isa = PBXFileReference; lastKnownFileType = image.png; path = swypPromptHud.png; sourceTree = "<group>"; };
		7932E74814DE22AF00E1A017 /* swypPromptHud@2x.png */ = {isa = PBXFileReference; lastKnownFileType = image.png; path = "swypPromptHud@2x.png"; sourceTree = "<group>"; };
		7932E74914DE22AF00E1A017 /* swypWorkspaceBackground.png */ = {isa = PBXFileReference; lastKnownFileType = image.png; path = swypWorkspaceBackground.png; sourceTree = "<group>"; };
		7932E74A14DE22AF00E1A017 /* top_curl.png */ = {isa = PBXFileReference; lastKnownFileType = image.png; path = top_curl.png; sourceTree = "<group>"; };
		7932E74B14DE22AF00E1A017 /* top_curl@2x.png */ = {isa = PBXFileReference; lastKnownFileType = image.png; path = "top_curl@2x.png"; sourceTree = "<group>"; };
		7932E75B14DE240200E1A017 /* swypPhotosHud.png */ = {isa = PBXFileReference; lastKnownFileType = image.png; path = swypPhotosHud.png; sourceTree = "<group>"; };
		7932E75C14DE240200E1A017 /* swypPhotosHud@2x.png */ = {isa = PBXFileReference; lastKnownFileType = image.png; path = "swypPhotosHud@2x.png"; sourceTree = "<group>"; };
		7932E78014DE2DED00E1A017 /* SROutgoingDataManager.h */ = {isa = PBXFileReference; fileEncoding = 4; lastKnownFileType = sourcecode.c.h; path = SROutgoingDataManager.h; sourceTree = "<group>"; };
		7932E78114DE2DED00E1A017 /* SROutgoingDataManager.m */ = {isa = PBXFileReference; fileEncoding = 4; lastKnownFileType = sourcecode.c.objc; path = SROutgoingDataManager.m; sourceTree = "<group>"; };
/* End PBXFileReference section */

/* Begin PBXFrameworksBuildPhase section */
		7932E6A414DE1CD000E1A017 /* Frameworks */ = {
			isa = PBXFrameworksBuildPhase;
			buildActionMask = 2147483647;
			files = (
				7932E77D14DE268000E1A017 /* liblibSwyp.a in Frameworks */,
				3E1353E914DE4FCB002601F0 /* CoreLocation.framework in Frameworks */,
				3EC3F0DB14DE221500BAFD1A /* libz.1.1.3.dylib in Frameworks */,
				3EC3F0DA14DE221500BAFD1A /* QuartzCore.framework in Frameworks */,
				3EC3F0DC14DE221500BAFD1A /* MobileCoreServices.framework in Frameworks */,
				3EC3F0DD14DE221500BAFD1A /* AudioToolbox.framework in Frameworks */,
				7932E73714DE200400E1A017 /* CFNetwork.framework in Frameworks */,
				7932E6CB14DE1D8000E1A017 /* MapKit.framework in Frameworks */,
				7932E6AC14DE1CD000E1A017 /* UIKit.framework in Frameworks */,
				7932E6AE14DE1CD000E1A017 /* Foundation.framework in Frameworks */,
				7932E6B014DE1CD000E1A017 /* CoreGraphics.framework in Frameworks */,
				7932E6B214DE1CD000E1A017 /* CoreData.framework in Frameworks */,
				7932E73514DE200400E1A017 /* GameKit.framework in Frameworks */,
				7932E73614DE200400E1A017 /* SystemConfiguration.framework in Frameworks */,
				7932E73814DE200400E1A017 /* Security.framework in Frameworks */,
				3EC3F0D014DE21B200BAFD1A /* Parse.framework in Frameworks */,
			);
			runOnlyForDeploymentPostprocessing = 0;
		};
/* End PBXFrameworksBuildPhase section */

/* Begin PBXGroup section */
		3EFBAB9214DE3456009AF342 /* Model */ = {
			isa = PBXGroup;
			children = (
				3E1353DE14DE3E3F002601F0 /* FileObject.h */,
				3E1353DF14DE3E3F002601F0 /* FileObject.m */,
				3E1353E414DE3F74002601F0 /* FileCell.h */,
				3E1353E514DE3F74002601F0 /* FileCell.m */,
			);
			name = Model;
			sourceTree = "<group>";
		};
		7932E69C14DE1CCF00E1A017 = {
			isa = PBXGroup;
			children = (
				7932E6B314DE1CD000E1A017 /* swypToRoom */,
				7932E6AA14DE1CD000E1A017 /* Frameworks */,
				7932E6A814DE1CD000E1A017 /* Products */,
			);
			sourceTree = "<group>";
		};
		7932E6A814DE1CD000E1A017 /* Products */ = {
			isa = PBXGroup;
			children = (
				7932E6A714DE1CD000E1A017 /* swypToRoom.app */,
			);
			name = Products;
			sourceTree = "<group>";
		};
		7932E6AA14DE1CD000E1A017 /* Frameworks */ = {
			isa = PBXGroup;
			children = (
				3E1353E714DE4FC5002601F0 /* CoreLocation.framework */,
				3EC3F0D814DE220800BAFD1A /* QuartzCore.framework */,
				3EC3F0D614DE21F900BAFD1A /* libz.1.1.3.dylib */,
				3EC3F0D414DE21E700BAFD1A /* MobileCoreServices.framework */,
				3EC3F0D214DE21D100BAFD1A /* AudioToolbox.framework */,
				3EC3F0CF14DE21B200BAFD1A /* Parse.framework */,
				7932E73114DE200400E1A017 /* GameKit.framework */,
				7932E73214DE200400E1A017 /* SystemConfiguration.framework */,
				7932E73314DE200400E1A017 /* CFNetwork.framework */,
				7932E73414DE200400E1A017 /* Security.framework */,
				7932E6CA14DE1D8000E1A017 /* MapKit.framework */,
				7932E6AB14DE1CD000E1A017 /* UIKit.framework */,
				7932E6AD14DE1CD000E1A017 /* Foundation.framework */,
				7932E6AF14DE1CD000E1A017 /* CoreGraphics.framework */,
				7932E6B114DE1CD000E1A017 /* CoreData.framework */,
			);
			name = Frameworks;
			sourceTree = "<group>";
		};
		7932E6B314DE1CD000E1A017 /* swypToRoom */ = {
			isa = PBXGroup;
			children = (
				7932E6CC14DE1EDC00E1A017 /* Linked Framworks */,
				3EFBAB9214DE3456009AF342 /* Model */,
				7932E77F14DE2DC200E1A017 /* View Controller */,
				7932E6CC14DE1EDC00E1A017 /* Linked Framworks */,
				7932E77E14DE2DB900E1A017 /* Logic  */,
				7932E6BF14DE1CD000E1A017 /* swypToRoom.xcdatamodeld */,
				7932E6B414DE1CD000E1A017 /* Supporting Files */,
				7932E73B14DE226F00E1A017 /* Resources */,
			);
			path = swypToRoom;
			sourceTree = "<group>";
		};
		7932E6B414DE1CD000E1A017 /* Supporting Files */ = {
			isa = PBXGroup;
			children = (
				7932E6B514DE1CD000E1A017 /* swypToRoom-Info.plist */,
				7932E6B614DE1CD000E1A017 /* InfoPlist.strings */,
				7932E6B914DE1CD000E1A017 /* main.m */,
				7932E6BB14DE1CD000E1A017 /* swypToRoom-Prefix.pch */,
			);
			name = "Supporting Files";
			sourceTree = "<group>";
		};
		7932E6CC14DE1EDC00E1A017 /* Linked Framworks */ = {
			isa = PBXGroup;
			children = (
				7932E6D614DE1EFE00E1A017 /* nimbus */,
				7932E6CD14DE1EF800E1A017 /* libSwyp.xcodeproj */,
			);
			name = "Linked Framworks";
			sourceTree = "<group>";
		};
		7932E6CE14DE1EF800E1A017 /* Products */ = {
			isa = PBXGroup;
			children = (
				7932E6D514DE1EF800E1A017 /* liblibSwyp.a */,
			);
			name = Products;
			sourceTree = "<group>";
		};
		7932E6D614DE1EFE00E1A017 /* nimbus */ = {
			isa = PBXGroup;
			children = (
				7932E72414DE1F4B00E1A017 /* models src */,
				7932E71B14DE1F2B00E1A017 /* networkimage source */,
				7932E6D714DE1F1A00E1A017 /* core src */,
			);
			name = nimbus;
			sourceTree = "<group>";
		};
		7932E6D714DE1F1A00E1A017 /* core src */ = {
			isa = PBXGroup;
			children = (
				7932E6D814DE1F1A00E1A017 /* NIBlocks.h */,
				7932E6D914DE1F1A00E1A017 /* NICommonMetrics.h */,
				7932E6DA14DE1F1A00E1A017 /* NICommonMetrics.m */,
				7932E6DB14DE1F1A00E1A017 /* NIDataStructures.h */,
				7932E6DC14DE1F1A00E1A017 /* NIDataStructures.m */,
				7932E6DD14DE1F1A00E1A017 /* NIDebuggingTools.h */,
				7932E6DE14DE1F1A00E1A017 /* NIDebuggingTools.m */,
				7932E6DF14DE1F1A00E1A017 /* NIDeviceOrientation.h */,
				7932E6E014DE1F1A00E1A017 /* NIDeviceOrientation.m */,
				7932E6E114DE1F1A00E1A017 /* NIError.h */,
				7932E6E214DE1F1A00E1A017 /* NIError.m */,
				7932E6E314DE1F1A00E1A017 /* NIFoundationMethods.h */,
				7932E6E414DE1F1A00E1A017 /* NIFoundationMethods.m */,
				7932E6E514DE1F1A00E1A017 /* NIInMemoryCache.h */,
				7932E6E614DE1F1A00E1A017 /* NIInMemoryCache.m */,
				7932E6E714DE1F1A00E1A017 /* NimbusCore+Additions.h */,
				7932E6E814DE1F1A00E1A017 /* NimbusCore+Namespace.h */,
				7932E6E914DE1F1A00E1A017 /* NimbusCore.h */,
				7932E6EA14DE1F1A00E1A017 /* NINavigationAppearance.h */,
				7932E6EB14DE1F1A00E1A017 /* NINavigationAppearance.m */,
				7932E6EC14DE1F1A00E1A017 /* NINetworkActivity.h */,
				7932E6ED14DE1F1A00E1A017 /* NINetworkActivity.m */,
				7932E6EE14DE1F1A00E1A017 /* NINonEmptyCollectionTesting.h */,
				7932E6EF14DE1F1A00E1A017 /* NINonEmptyCollectionTesting.m */,
				7932E6F014DE1F1A00E1A017 /* NINonRetainingCollections.h */,
				7932E6F114DE1F1A00E1A017 /* NINonRetainingCollections.m */,
				7932E6F214DE1F1A00E1A017 /* NIOperations+Subclassing.h */,
				7932E6F314DE1F1A00E1A017 /* NIOperations.h */,
				7932E6F414DE1F1A00E1A017 /* NIOperations.m */,
				7932E6F514DE1F1A00E1A017 /* NIPaths.h */,
				7932E6F614DE1F1A00E1A017 /* NIPaths.m */,
				7932E6F714DE1F1A00E1A017 /* NIPreprocessorMacros.h */,
				7932E6F814DE1F1A00E1A017 /* NIRuntimeClassModifications.h */,
				7932E6F914DE1F1A00E1A017 /* NIRuntimeClassModifications.m */,
				7932E6FA14DE1F1A00E1A017 /* NISDKAvailability.h */,
				7932E6FB14DE1F1A00E1A017 /* NISDKAvailability.m */,
				7932E6FC14DE1F1A00E1A017 /* NIState.h */,
				7932E6FD14DE1F1A00E1A017 /* NIState.m */,
				7932E6FE14DE1F1A00E1A017 /* NIViewRecycler.h */,
				7932E6FF14DE1F1A00E1A017 /* NIViewRecycler.m */,
				7932E70014DE1F1A00E1A017 /* NSData+NimbusCore.h */,
				7932E70114DE1F1A00E1A017 /* NSData+NimbusCore.m */,
				7932E70214DE1F1A00E1A017 /* NSString+NimbusCore.h */,
				7932E70314DE1F1A00E1A017 /* NSString+NimbusCore.m */,
				7932E70414DE1F1A00E1A017 /* UIView+NimbusCore.h */,
				7932E70514DE1F1A00E1A017 /* UIView+NimbusCore.m */,
			);
			name = "core src";
			path = nimbus/src/core/src;
			sourceTree = SOURCE_ROOT;
		};
		7932E71B14DE1F2B00E1A017 /* networkimage source */ = {
			isa = PBXGroup;
			children = (
				7932E71C14DE1F2B00E1A017 /* NimbusNetworkImage+Namespace.h */,
				7932E71D14DE1F2B00E1A017 /* NimbusNetworkImage.h */,
				7932E71E14DE1F2B00E1A017 /* NINetworkImageRequest.h */,
				7932E71F14DE1F2B00E1A017 /* NINetworkImageRequest.m */,
				7932E72014DE1F2B00E1A017 /* NINetworkImageView.h */,
				7932E72114DE1F2B00E1A017 /* NINetworkImageView.m */,
			);
			name = "networkimage source";
			path = nimbus/src/networkimage/src;
			sourceTree = SOURCE_ROOT;
		};
		7932E72414DE1F4B00E1A017 /* models src */ = {
			isa = PBXGroup;
			children = (
				7932E72514DE1F4B00E1A017 /* NICellFactory.h */,
				7932E72614DE1F4B00E1A017 /* NICellFactory.m */,
				7932E72714DE1F4B00E1A017 /* NIFormCellCatalog.h */,
				7932E72814DE1F4B00E1A017 /* NIFormCellCatalog.m */,
				7932E72914DE1F4B00E1A017 /* NimbusModels+Namespace.h */,
				7932E72A14DE1F4B00E1A017 /* NimbusModels.h */,
				7932E72B14DE1F4B00E1A017 /* NITableViewModel+Private.h */,
				7932E72C14DE1F4B00E1A017 /* NITableViewModel.h */,
				7932E72D14DE1F4B00E1A017 /* NITableViewModel.m */,
			);
			name = "models src";
			path = nimbus/src/models/src;
			sourceTree = SOURCE_ROOT;
		};
		7932E73B14DE226F00E1A017 /* Resources */ = {
			isa = PBXGroup;
			children = (
				7932E75B14DE240200E1A017 /* swypPhotosHud.png */,
				7932E75C14DE240200E1A017 /* swypPhotosHud@2x.png */,
				7932E73C14DE22AF00E1A017 /* swypBundleResources */,
			);
			name = Resources;
			sourceTree = "<group>";
		};
		7932E73C14DE22AF00E1A017 /* swypBundleResources */ = {
			isa = PBXGroup;
			children = (
				7932E73D14DE22AF00E1A017 /* bluetooth-logo-enabled.png */,
				7932E73E14DE22AF00E1A017 /* bluetooth-logo-enabled@2x.png */,
				7932E73F14DE22AF00E1A017 /* connectivity-bluetooth-disabled.png */,
				7932E74014DE22AF00E1A017 /* connectivity-bluetooth-disabled@2x.png */,
				7932E74114DE22AF00E1A017 /* connectivity-bluetooth-enabled.png */,
				7932E74214DE22AF00E1A017 /* connectivity-bluetooth-enabled@2x.png */,
				7932E74314DE22AF00E1A017 /* connectivity-world-disabled.png */,
				7932E74414DE22AF00E1A017 /* connectivity-world-disabled@2x.png */,
				7932E74514DE22AF00E1A017 /* connectivity-world-enabled.png */,
				7932E74614DE22AF00E1A017 /* connectivity-world-enabled@2x.png */,
				7932E74714DE22AF00E1A017 /* swypPromptHud.png */,
				7932E74814DE22AF00E1A017 /* swypPromptHud@2x.png */,
				7932E74914DE22AF00E1A017 /* swypWorkspaceBackground.png */,
				7932E74A14DE22AF00E1A017 /* top_curl.png */,
				7932E74B14DE22AF00E1A017 /* top_curl@2x.png */,
			);
			name = swypBundleResources;
			path = swyp/swypBundleResources;
			sourceTree = SOURCE_ROOT;
		};
		7932E77E14DE2DB900E1A017 /* Logic  */ = {
			isa = PBXGroup;
			children = (
				7932E6BC14DE1CD000E1A017 /* SRAppDelegate.h */,
				7932E6BD14DE1CD000E1A017 /* SRAppDelegate.m */,
				7932E78014DE2DED00E1A017 /* SROutgoingDataManager.h */,
				7932E78114DE2DED00E1A017 /* SROutgoingDataManager.m */,
			);
			name = "Logic ";
			sourceTree = "<group>";
		};
		7932E77F14DE2DC200E1A017 /* View Controller */ = {
			isa = PBXGroup;
			children = (
				7932E6C714DE1D1800E1A017 /* SRCloudVC.h */,
				7932E6C814DE1D1800E1A017 /* SRCloudVC.m */,
			);
			name = "View Controller";
			sourceTree = "<group>";
		};
/* End PBXGroup section */

/* Begin PBXNativeTarget section */
		7932E6A614DE1CD000E1A017 /* swypToRoom */ = {
			isa = PBXNativeTarget;
			buildConfigurationList = 7932E6C414DE1CD000E1A017 /* Build configuration list for PBXNativeTarget "swypToRoom" */;
			buildPhases = (
				7932E6A314DE1CD000E1A017 /* Sources */,
				7932E6A414DE1CD000E1A017 /* Frameworks */,
				7932E6A514DE1CD000E1A017 /* Resources */,
			);
			buildRules = (
			);
			dependencies = (
				7932E73A14DE200C00E1A017 /* PBXTargetDependency */,
			);
			name = swypToRoom;
			productName = swypToRoom;
			productReference = 7932E6A714DE1CD000E1A017 /* swypToRoom.app */;
			productType = "com.apple.product-type.application";
		};
/* End PBXNativeTarget section */

/* Begin PBXProject section */
		7932E69E14DE1CCF00E1A017 /* Project object */ = {
			isa = PBXProject;
			attributes = {
				LastUpgradeCheck = 0420;
				ORGANIZATIONNAME = ExoMachina;
			};
			buildConfigurationList = 7932E6A114DE1CCF00E1A017 /* Build configuration list for PBXProject "swypToRoom" */;
			compatibilityVersion = "Xcode 3.2";
			developmentRegion = English;
			hasScannedForEncodings = 0;
			knownRegions = (
				en,
			);
			mainGroup = 7932E69C14DE1CCF00E1A017;
			productRefGroup = 7932E6A814DE1CD000E1A017 /* Products */;
			projectDirPath = "";
			projectReferences = (
				{
					ProductGroup = 7932E6CE14DE1EF800E1A017 /* Products */;
					ProjectRef = 7932E6CD14DE1EF800E1A017 /* libSwyp.xcodeproj */;
				},
			);
			projectRoot = "";
			targets = (
				7932E6A614DE1CD000E1A017 /* swypToRoom */,
			);
		};
/* End PBXProject section */

/* Begin PBXReferenceProxy section */
		7932E6D514DE1EF800E1A017 /* liblibSwyp.a */ = {
			isa = PBXReferenceProxy;
			fileType = archive.ar;
			path = liblibSwyp.a;
			remoteRef = 7932E6D414DE1EF800E1A017 /* PBXContainerItemProxy */;
			sourceTree = BUILT_PRODUCTS_DIR;
		};
/* End PBXReferenceProxy section */

/* Begin PBXResourcesBuildPhase section */
		7932E6A514DE1CD000E1A017 /* Resources */ = {
			isa = PBXResourcesBuildPhase;
			buildActionMask = 2147483647;
			files = (
				7932E6B814DE1CD000E1A017 /* InfoPlist.strings in Resources */,
				7932E74C14DE22AF00E1A017 /* bluetooth-logo-enabled.png in Resources */,
				7932E74D14DE22AF00E1A017 /* bluetooth-logo-enabled@2x.png in Resources */,
				7932E74E14DE22AF00E1A017 /* connectivity-bluetooth-disabled.png in Resources */,
				7932E74F14DE22AF00E1A017 /* connectivity-bluetooth-disabled@2x.png in Resources */,
				7932E75014DE22AF00E1A017 /* connectivity-bluetooth-enabled.png in Resources */,
				7932E75114DE22AF00E1A017 /* connectivity-bluetooth-enabled@2x.png in Resources */,
				7932E75214DE22AF00E1A017 /* connectivity-world-disabled.png in Resources */,
				7932E75314DE22AF00E1A017 /* connectivity-world-disabled@2x.png in Resources */,
				7932E75414DE22AF00E1A017 /* connectivity-world-enabled.png in Resources */,
				7932E75514DE22AF00E1A017 /* connectivity-world-enabled@2x.png in Resources */,
				7932E75614DE22AF00E1A017 /* swypPromptHud.png in Resources */,
				7932E75714DE22AF00E1A017 /* swypPromptHud@2x.png in Resources */,
				7932E75814DE22AF00E1A017 /* swypWorkspaceBackground.png in Resources */,
				7932E75914DE22AF00E1A017 /* top_curl.png in Resources */,
				7932E75A14DE22AF00E1A017 /* top_curl@2x.png in Resources */,
				7932E75D14DE240200E1A017 /* swypPhotosHud.png in Resources */,
				7932E75E14DE240200E1A017 /* swypPhotosHud@2x.png in Resources */,
			);
			runOnlyForDeploymentPostprocessing = 0;
		};
/* End PBXResourcesBuildPhase section */

/* Begin PBXSourcesBuildPhase section */
		7932E6A314DE1CD000E1A017 /* Sources */ = {
			isa = PBXSourcesBuildPhase;
			buildActionMask = 2147483647;
			files = (
				7932E6BA14DE1CD000E1A017 /* main.m in Sources */,
				7932E6C114DE1CD000E1A017 /* swypToRoom.xcdatamodeld in Sources */,
				3E4D0BD514DE53C100673CE4 /* SROutgoingDataManager.h in Sources */,
				3E4D0BD614DE53C100673CE4 /* SROutgoingDataManager.m in Sources */,
				7932E6C914DE1D1800E1A017 /* SRCloudVC.m in Sources */,
				7932E70614DE1F1A00E1A017 /* NICommonMetrics.m in Sources */,
				7932E70714DE1F1A00E1A017 /* NIDataStructures.m in Sources */,
				7932E70814DE1F1A00E1A017 /* NIDebuggingTools.m in Sources */,
				7932E70914DE1F1A00E1A017 /* NIDeviceOrientation.m in Sources */,
				7932E70A14DE1F1A00E1A017 /* NIError.m in Sources */,
				7932E70B14DE1F1A00E1A017 /* NIFoundationMethods.m in Sources */,
				7932E70C14DE1F1A00E1A017 /* NIInMemoryCache.m in Sources */,
				7932E70D14DE1F1A00E1A017 /* NINavigationAppearance.m in Sources */,
				7932E70E14DE1F1A00E1A017 /* NINetworkActivity.m in Sources */,
				7932E70F14DE1F1A00E1A017 /* NINonEmptyCollectionTesting.m in Sources */,
				7932E71014DE1F1A00E1A017 /* NINonRetainingCollections.m in Sources */,
				7932E71114DE1F1A00E1A017 /* NIOperations.m in Sources */,
				7932E71214DE1F1A00E1A017 /* NIPaths.m in Sources */,
				7932E71314DE1F1A00E1A017 /* NIRuntimeClassModifications.m in Sources */,
				7932E71414DE1F1A00E1A017 /* NISDKAvailability.m in Sources */,
				7932E71514DE1F1A00E1A017 /* NIState.m in Sources */,
				7932E71614DE1F1A00E1A017 /* NIViewRecycler.m in Sources */,
				7932E71714DE1F1A00E1A017 /* NSData+NimbusCore.m in Sources */,
				7932E71814DE1F1A00E1A017 /* NSString+NimbusCore.m in Sources */,
				7932E71914DE1F1A00E1A017 /* UIView+NimbusCore.m in Sources */,
				7932E72214DE1F2B00E1A017 /* NINetworkImageRequest.m in Sources */,
				7932E72314DE1F2B00E1A017 /* NINetworkImageView.m in Sources */,
				7932E72E14DE1F4B00E1A017 /* NICellFactory.m in Sources */,
				7932E72F14DE1F4B00E1A017 /* NIFormCellCatalog.m in Sources */,
				7932E73014DE1F4B00E1A017 /* NITableViewModel.m in Sources */,
				3E1353E014DE3E3F002601F0 /* FileObject.m in Sources */,
				3E1353E614DE3F74002601F0 /* FileCell.m in Sources */,
				7932E6BE14DE1CD000E1A017 /* SRAppDelegate.m in Sources */,
			);
			runOnlyForDeploymentPostprocessing = 0;
		};
/* End PBXSourcesBuildPhase section */

/* Begin PBXTargetDependency section */
		7932E73A14DE200C00E1A017 /* PBXTargetDependency */ = {
			isa = PBXTargetDependency;
			name = libSwyp;
			targetProxy = 7932E73914DE200C00E1A017 /* PBXContainerItemProxy */;
		};
/* End PBXTargetDependency section */

/* Begin PBXVariantGroup section */
		7932E6B614DE1CD000E1A017 /* InfoPlist.strings */ = {
			isa = PBXVariantGroup;
			children = (
				7932E6B714DE1CD000E1A017 /* en */,
			);
			name = InfoPlist.strings;
			sourceTree = "<group>";
		};
/* End PBXVariantGroup section */

/* Begin XCBuildConfiguration section */
		7932E6C214DE1CD000E1A017 /* Debug */ = {
			isa = XCBuildConfiguration;
			buildSettings = {
				ALWAYS_SEARCH_USER_PATHS = NO;
				ARCHS = "$(ARCHS_STANDARD_32_BIT)";
				CLANG_ENABLE_OBJC_ARC = YES;
				"CODE_SIGN_IDENTITY[sdk=iphoneos*]" = "iPhone Developer";
				COPY_PHASE_STRIP = NO;
				GCC_C_LANGUAGE_STANDARD = gnu99;
				GCC_DYNAMIC_NO_PIC = NO;
				GCC_OPTIMIZATION_LEVEL = 0;
				GCC_PREPROCESSOR_DEFINITIONS = (
					"DEBUG=1",
					"$(inherited)",
				);
				GCC_SYMBOLS_PRIVATE_EXTERN = NO;
				GCC_VERSION = com.apple.compilers.llvm.clang.1_0;
				GCC_WARN_ABOUT_MISSING_PROTOTYPES = YES;
				GCC_WARN_ABOUT_RETURN_TYPE = YES;
				GCC_WARN_UNUSED_VARIABLE = YES;
				IPHONEOS_DEPLOYMENT_TARGET = 5.0;
				SDKROOT = iphoneos;
				TARGETED_DEVICE_FAMILY = "1,2";
			};
			name = Debug;
		};
		7932E6C314DE1CD000E1A017 /* Release */ = {
			isa = XCBuildConfiguration;
			buildSettings = {
				ALWAYS_SEARCH_USER_PATHS = NO;
				ARCHS = "$(ARCHS_STANDARD_32_BIT)";
				CLANG_ENABLE_OBJC_ARC = YES;
				"CODE_SIGN_IDENTITY[sdk=iphoneos*]" = "iPhone Developer";
				COPY_PHASE_STRIP = YES;
				GCC_C_LANGUAGE_STANDARD = gnu99;
				GCC_VERSION = com.apple.compilers.llvm.clang.1_0;
				GCC_WARN_ABOUT_MISSING_PROTOTYPES = YES;
				GCC_WARN_ABOUT_RETURN_TYPE = YES;
				GCC_WARN_UNUSED_VARIABLE = YES;
				IPHONEOS_DEPLOYMENT_TARGET = 5.0;
				OTHER_CFLAGS = "-DNS_BLOCK_ASSERTIONS=1";
				SDKROOT = iphoneos;
				TARGETED_DEVICE_FAMILY = "1,2";
				VALIDATE_PRODUCT = YES;
			};
			name = Release;
		};
		7932E6C514DE1CD000E1A017 /* Debug */ = {
			isa = XCBuildConfiguration;
			buildSettings = {
				FRAMEWORK_SEARCH_PATHS = (
					"$(inherited)",
					"\"$(SRCROOT)\"",
				);
				GCC_PRECOMPILE_PREFIX_HEADER = YES;
				GCC_PREFIX_HEADER = "swypToRoom/swypToRoom-Prefix.pch";
				HEADER_SEARCH_PATHS = "./swyp/libSwyp/**";
				INFOPLIST_FILE = "swypToRoom/swypToRoom-Info.plist";
				OTHER_LDFLAGS = "-ObjC";
				PRODUCT_NAME = "$(TARGET_NAME)";
				WRAPPER_EXTENSION = app;
			};
			name = Debug;
		};
		7932E6C614DE1CD000E1A017 /* Release */ = {
			isa = XCBuildConfiguration;
			buildSettings = {
				FRAMEWORK_SEARCH_PATHS = (
					"$(inherited)",
					"\"$(SRCROOT)\"",
				);
				GCC_PRECOMPILE_PREFIX_HEADER = YES;
				GCC_PREFIX_HEADER = "swypToRoom/swypToRoom-Prefix.pch";
				HEADER_SEARCH_PATHS = "./swyp/libSwyp/**";
				INFOPLIST_FILE = "swypToRoom/swypToRoom-Info.plist";
				OTHER_LDFLAGS = "-ObjC";
				PRODUCT_NAME = "$(TARGET_NAME)";
				WRAPPER_EXTENSION = app;
			};
			name = Release;
		};
/* End XCBuildConfiguration section */

/* Begin XCConfigurationList section */
		7932E6A114DE1CCF00E1A017 /* Build configuration list for PBXProject "swypToRoom" */ = {
			isa = XCConfigurationList;
			buildConfigurations = (
				7932E6C214DE1CD000E1A017 /* Debug */,
				7932E6C314DE1CD000E1A017 /* Release */,
			);
			defaultConfigurationIsVisible = 0;
			defaultConfigurationName = Release;
		};
		7932E6C414DE1CD000E1A017 /* Build configuration list for PBXNativeTarget "swypToRoom" */ = {
			isa = XCConfigurationList;
			buildConfigurations = (
				7932E6C514DE1CD000E1A017 /* Debug */,
				7932E6C614DE1CD000E1A017 /* Release */,
			);
			defaultConfigurationIsVisible = 0;
			defaultConfigurationName = Release;
		};
/* End XCConfigurationList section */

/* Begin XCVersionGroup section */
		7932E6BF14DE1CD000E1A017 /* swypToRoom.xcdatamodeld */ = {
			isa = XCVersionGroup;
			children = (
				7932E6C014DE1CD000E1A017 /* swypToRoom.xcdatamodel */,
			);
			currentVersion = 7932E6C014DE1CD000E1A017 /* swypToRoom.xcdatamodel */;
			path = swypToRoom.xcdatamodeld;
			sourceTree = "<group>";
			versionGroupType = wrapper.xcdatamodel;
		};
/* End XCVersionGroup section */
	};
	rootObject = 7932E69E14DE1CCF00E1A017 /* Project object */;
}
